
Microsoft Visual Studio Solution File, Format Version 12.00
# Visual Studio Version 17
VisualStudioVersion = 17.5.33502.453
MinimumVisualStudioVersion = 10.0.40219.1
Project("{C9674DCB-5085-4A16-B785-4C70DD1589BD}") = "Do_an_kho", "Do_an_kho\Do_an_kho.dtproj", "{2BC088E5-331D-4282-A0AA-D1BC3AB1A5F3}"
EndProject
Global
	GlobalSection(SolutionConfigurationPlatforms) = preSolution
		Development|Default = Development|Default
	EndGlobalSection
	GlobalSection(ProjectConfigurationPlatforms) = postSolution
		{2BC088E5-331D-4282-A0AA-D1BC3AB1A5F3}.Development|Default.ActiveCfg = Development
		{2BC088E5-331D-4282-A0AA-D1BC3AB1A5F3}.Development|Default.Build.0 = Development
	EndGlobalSection
	GlobalSection(SolutionProperties) = preSolution
		HideSolutionNode = FALSE
	EndGlobalSection
	GlobalSection(ExtensibilityGlobals) = postSolution
		SolutionGuid = {FD9DA8B8-1F06-4029-8E96-208EC3C75258}
	EndGlobalSection
EndGlobal
